
Microsoft Visual Studio Solution File, Format Version 12.00
# Visual Studio 15
VisualStudioVersion = 15.0.28307.1321
MinimumVisualStudioVersion = 10.0.40219.1
Project("{FAE04EC0-301F-11D3-BF4B-00C04F79EFBC}") = "VoicegroupComposer", "VoicegroupComposer\VoicegroupComposer.csproj", "{D8D2395D-D8B8-4460-8302-C5CC8F1FF204}"
EndProject
Global
	GlobalSection(SolutionConfigurationPlatforms) = preSolution
		Debug|Any CPU = Debug|Any CPU
		Release|Any CPU = Release|Any CPU
	EndGlobalSection
	GlobalSection(ProjectConfigurationPlatforms) = postSolution
		{D8D2395D-D8B8-4460-8302-C5CC8F1FF204}.Debug|Any CPU.ActiveCfg = Debug|Any CPU
		{D8D2395D-D8B8-4460-8302-C5CC8F1FF204}.Debug|Any CPU.Build.0 = Debug|Any CPU
		{D8D2395D-D8B8-4460-8302-C5CC8F1FF204}.Release|Any CPU.ActiveCfg = Release|Any CPU
		{D8D2395D-D8B8-4460-8302-C5CC8F1FF204}.Release|Any CPU.Build.0 = Release|Any CPU
	EndGlobalSection
	GlobalSection(SolutionProperties) = preSolution
		HideSolutionNode = FALSE
	EndGlobalSection
	GlobalSection(ExtensibilityGlobals) = postSolution
		SolutionGuid = {7509411C-E5A6-4255-A665-D7071AE1189C}
	EndGlobalSection
EndGlobal
